// !$*UTF8*$!
{
	archiveVersion = 1;
	classes = {
	};
	objectVersion = 77;
	objects = {

/* Begin PBXBuildFile section */
		752DEDD22E7FFA7D000419E6 /* Persistance.swift in Sources */ = {isa = PBXBuildFile; fileRef = 752DEDD12E7FFA75000419E6 /* Persistance.swift */; };
		752DEDD42E800050000419E6 /* HealthAutoSync.swift in Sources */ = {isa = PBXBuildFile; fileRef = 752DEDD32E800048000419E6 /* HealthAutoSync.swift */; };
		752DEDD62E802E3E000419E6 /* InsightsView.swift in Sources */ = {isa = PBXBuildFile; fileRef = 752DEDD52E802DE0000419E6 /* InsightsView.swift */; };
		752DEDD82E80390A000419E6 /* Create UI+Keyboard.swift in Sources */ = {isa = PBXBuildFile; fileRef = 752DEDD72E8038FE000419E6 /* Create UI+Keyboard.swift */; };
		752DEDDA2E8062A8000419E6 /* WeightView.swift in Sources */ = {isa = PBXBuildFile; fileRef = 752DEDD92E8062A0000419E6 /* WeightView.swift */; };
		75466BEB2E7FF2A60068D992 /* HealthKitManager.swift in Sources */ = {isa = PBXBuildFile; fileRef = 75466BEA2E7FF2820068D992 /* HealthKitManager.swift */; };
		75E878682E7F0DC200788015 /* Date+Helpers.swift in Sources */ = {isa = PBXBuildFile; fileRef = 75E878652E7F07B300788015 /* Date+Helpers.swift */; };
		75E878692E7F0DC800788015 /* ReportView.swift in Sources */ = {isa = PBXBuildFile; fileRef = 75E878672E7F082600788015 /* ReportView.swift */; };
		75E8786B2E7F0DD500788015 /* AddMealView.swift in Sources */ = {isa = PBXBuildFile; fileRef = 75E878632E7F079C00788015 /* AddMealView.swift */; };
		75E8786C2E7F0DDA00788015 /* BodySection.swift in Sources */ = {isa = PBXBuildFile; fileRef = 75E878622E7F079200788015 /* BodySection.swift */; };
		75E8786D2E7F0DDE00788015 /* DayView.swift in Sources */ = {isa = PBXBuildFile; fileRef = 75E878612E7F078600788015 /* DayView.swift */; };
/* End PBXBuildFile section */

/* Begin PBXFileReference section */
		752DEDD12E7FFA75000419E6 /* Persistance.swift */ = {isa = PBXFileReference; lastKnownFileType = sourcecode.swift; path = Persistance.swift; sourceTree = "<group>"; };
		752DEDD32E800048000419E6 /* HealthAutoSync.swift */ = {isa = PBXFileReference; lastKnownFileType = sourcecode.swift; path = HealthAutoSync.swift; sourceTree = "<group>"; };
		752DEDD52E802DE0000419E6 /* InsightsView.swift */ = {isa = PBXFileReference; lastKnownFileType = sourcecode.swift; path = InsightsView.swift; sourceTree = "<group>"; };
		752DEDD72E8038FE000419E6 /* Create UI+Keyboard.swift */ = {isa = PBXFileReference; lastKnownFileType = sourcecode.swift; path = "Create UI+Keyboard.swift"; sourceTree = "<group>"; };
		752DEDD92E8062A0000419E6 /* WeightView.swift */ = {isa = PBXFileReference; lastKnownFileType = sourcecode.swift; path = WeightView.swift; sourceTree = "<group>"; };
		75466BEA2E7FF2820068D992 /* HealthKitManager.swift */ = {isa = PBXFileReference; lastKnownFileType = sourcecode.swift; path = HealthKitManager.swift; sourceTree = "<group>"; };
		75E8784A2E7EE87800788015 /* FitTrack.app */ = {isa = PBXFileReference; explicitFileType = wrapper.application; includeInIndex = 0; path = FitTrack.app; sourceTree = BUILT_PRODUCTS_DIR; };
		75E878612E7F078600788015 /* DayView.swift */ = {isa = PBXFileReference; lastKnownFileType = sourcecode.swift; path = DayView.swift; sourceTree = "<group>"; };
		75E878622E7F079200788015 /* BodySection.swift */ = {isa = PBXFileReference; lastKnownFileType = sourcecode.swift; path = BodySection.swift; sourceTree = "<group>"; };
		75E878632E7F079C00788015 /* AddMealView.swift */ = {isa = PBXFileReference; lastKnownFileType = sourcecode.swift; path = AddMealView.swift; sourceTree = "<group>"; };
		75E878652E7F07B300788015 /* Date+Helpers.swift */ = {isa = PBXFileReference; lastKnownFileType = sourcecode.swift; path = "Date+Helpers.swift"; sourceTree = "<group>"; };
		75E878672E7F082600788015 /* ReportView.swift */ = {isa = PBXFileReference; lastKnownFileType = sourcecode.swift; path = ReportView.swift; sourceTree = "<group>"; };
/* End PBXFileReference section */

/* Begin PBXFileSystemSynchronizedBuildFileExceptionSet section */
		75466BE62E7FECF20068D992 /* Exceptions for "FitTrack" folder in "FitTrack" target */ = {
			isa = PBXFileSystemSynchronizedBuildFileExceptionSet;
			membershipExceptions = (
				Info.plist,
			);
			target = 75E878492E7EE87800788015 /* FitTrack */;
		};
/* End PBXFileSystemSynchronizedBuildFileExceptionSet section */

/* Begin PBXFileSystemSynchronizedRootGroup section */
		75E8784C2E7EE87800788015 /* FitTrack */ = {
			isa = PBXFileSystemSynchronizedRootGroup;
			exceptions = (
				75466BE62E7FECF20068D992 /* Exceptions for "FitTrack" folder in "FitTrack" target */,
			);
			path = FitTrack;
			sourceTree = "<group>";
		};
/* End PBXFileSystemSynchronizedRootGroup section */

/* Begin PBXFrameworksBuildPhase section */
		75E878472E7EE87800788015 /* Frameworks */ = {
			isa = PBXFrameworksBuildPhase;
			buildActionMask = 2147483647;
			files = (
			);
			runOnlyForDeploymentPostprocessing = 0;
		};
/* End PBXFrameworksBuildPhase section */

/* Begin PBXGroup section */
		75466BE92E7FF2700068D992 /* Managers */ = {
			isa = PBXGroup;
			children = (
				75466BEA2E7FF2820068D992 /* HealthKitManager.swift */,
			);
			path = Managers;
			sourceTree = "<group>";
		};
		75E878412E7EE87800788015 = {
			isa = PBXGroup;
			children = (
				752DEDD72E8038FE000419E6 /* Create UI+Keyboard.swift */,
				752DEDD32E800048000419E6 /* HealthAutoSync.swift */,
				752DEDD12E7FFA75000419E6 /* Persistance.swift */,
				75466BE92E7FF2700068D992 /* Managers */,
				75E878602E7F074A00788015 /* Utilities */,
				75E8785F2E7F074100788015 /* Reporting */,
				75E8785E2E7F073100788015 /* Views */,
				75E8784C2E7EE87800788015 /* FitTrack */,
				75E8784B2E7EE87800788015 /* Products */,
			);
			sourceTree = "<group>";
		};
		75E8784B2E7EE87800788015 /* Products */ = {
			isa = PBXGroup;
			children = (
				75E8784A2E7EE87800788015 /* FitTrack.app */,
			);
			name = Products;
			sourceTree = "<group>";
		};
		75E8785E2E7F073100788015 /* Views */ = {
			isa = PBXGroup;
			children = (
				752DEDD92E8062A0000419E6 /* WeightView.swift */,
				752DEDD52E802DE0000419E6 /* InsightsView.swift */,
				75E878632E7F079C00788015 /* AddMealView.swift */,
				75E878622E7F079200788015 /* BodySection.swift */,
				75E878612E7F078600788015 /* DayView.swift */,
			);
			path = Views;
			sourceTree = "<group>";
		};
		75E8785F2E7F074100788015 /* Reporting */ = {
			isa = PBXGroup;
			children = (
				75E878672E7F082600788015 /* ReportView.swift */,
			);
			path = Reporting;
			sourceTree = "<group>";
		};
		75E878602E7F074A00788015 /* Utilities */ = {
			isa = PBXGroup;
			children = (
				75E878652E7F07B300788015 /* Date+Helpers.swift */,
			);
			path = Utilities;
			sourceTree = "<group>";
		};
/* End PBXGroup section */

/* Begin PBXNativeTarget section */
		75E878492E7EE87800788015 /* FitTrack */ = {
			isa = PBXNativeTarget;
			buildConfigurationList = 75E8785A2E7EE87900788015 /* Build configuration list for PBXNativeTarget "FitTrack" */;
			buildPhases = (
				75E878462E7EE87800788015 /* Sources */,
				75E878472E7EE87800788015 /* Frameworks */,
				75E878482E7EE87800788015 /* Resources */,
			);
			buildRules = (
			);
			dependencies = (
			);
			fileSystemSynchronizedGroups = (
				75E8784C2E7EE87800788015 /* FitTrack */,
			);
			name = FitTrack;
			packageProductDependencies = (
			);
			productName = FitTrack;
			productReference = 75E8784A2E7EE87800788015 /* FitTrack.app */;
			productType = "com.apple.product-type.application";
		};
/* End PBXNativeTarget section */

/* Begin PBXProject section */
		75E878422E7EE87800788015 /* Project object */ = {
			isa = PBXProject;
			attributes = {
				BuildIndependentTargetsInParallel = 1;
				LastSwiftUpdateCheck = 2600;
				LastUpgradeCheck = 2600;
				TargetAttributes = {
					75E878492E7EE87800788015 = {
						CreatedOnToolsVersion = 26.0;
					};
				};
			};
			buildConfigurationList = 75E878452E7EE87800788015 /* Build configuration list for PBXProject "FitTrack" */;
			developmentRegion = en;
			hasScannedForEncodings = 0;
			knownRegions = (
				en,
				Base,
			);
			mainGroup = 75E878412E7EE87800788015;
			minimizedProjectReferenceProxies = 1;
			preferredProjectObjectVersion = 77;
			productRefGroup = 75E8784B2E7EE87800788015 /* Products */;
			projectDirPath = "";
			projectRoot = "";
			targets = (
				75E878492E7EE87800788015 /* FitTrack */,
			);
		};
/* End PBXProject section */

/* Begin PBXResourcesBuildPhase section */
		75E878482E7EE87800788015 /* Resources */ = {
			isa = PBXResourcesBuildPhase;
			buildActionMask = 2147483647;
			files = (
			);
			runOnlyForDeploymentPostprocessing = 0;
		};
/* End PBXResourcesBuildPhase section */

/* Begin PBXSourcesBuildPhase section */
		75E878462E7EE87800788015 /* Sources */ = {
			isa = PBXSourcesBuildPhase;
			buildActionMask = 2147483647;
			files = (
				75E8786D2E7F0DDE00788015 /* DayView.swift in Sources */,
				75E8786C2E7F0DDA00788015 /* BodySection.swift in Sources */,
				75E878692E7F0DC800788015 /* ReportView.swift in Sources */,
				752DEDDA2E8062A8000419E6 /* WeightView.swift in Sources */,
				752DEDD22E7FFA7D000419E6 /* Persistance.swift in Sources */,
				752DEDD82E80390A000419E6 /* Create UI+Keyboard.swift in Sources */,
				75E878682E7F0DC200788015 /* Date+Helpers.swift in Sources */,
				75466BEB2E7FF2A60068D992 /* HealthKitManager.swift in Sources */,
				752DEDD62E802E3E000419E6 /* InsightsView.swift in Sources */,
				75E8786B2E7F0DD500788015 /* AddMealView.swift in Sources */,
				752DEDD42E800050000419E6 /* HealthAutoSync.swift in Sources */,
			);
			runOnlyForDeploymentPostprocessing = 0;
		};
/* End PBXSourcesBuildPhase section */

/* Begin XCBuildConfiguration section */
		75E878582E7EE87900788015 /* Debug */ = {
			isa = XCBuildConfiguration;
			buildSettings = {
				ALWAYS_SEARCH_USER_PATHS = NO;
				ASSETCATALOG_COMPILER_GENERATE_SWIFT_ASSET_SYMBOL_EXTENSIONS = YES;
				CLANG_ANALYZER_NONNULL = YES;
				CLANG_ANALYZER_NUMBER_OBJECT_CONVERSION = YES_AGGRESSIVE;
				CLANG_CXX_LANGUAGE_STANDARD = "gnu++20";
				CLANG_ENABLE_MODULES = YES;
				CLANG_ENABLE_OBJC_ARC = YES;
				CLANG_ENABLE_OBJC_WEAK = YES;
				CLANG_WARN_BLOCK_CAPTURE_AUTORELEASING = YES;
				CLANG_WARN_BOOL_CONVERSION = YES;
				CLANG_WARN_COMMA = YES;
				CLANG_WARN_CONSTANT_CONVERSION = YES;
				CLANG_WARN_DEPRECATED_OBJC_IMPLEMENTATIONS = YES;
				CLANG_WARN_DIRECT_OBJC_ISA_USAGE = YES_ERROR;
				CLANG_WARN_DOCUMENTATION_COMMENTS = YES;
				CLANG_WARN_EMPTY_BODY = YES;
				CLANG_WARN_ENUM_CONVERSION = YES;
				CLANG_WARN_INFINITE_RECURSION = YES;
				CLANG_WARN_INT_CONVERSION = YES;
				CLANG_WARN_NON_LITERAL_NULL_CONVERSION = YES;
				CLANG_WARN_OBJC_IMPLICIT_RETAIN_SELF = YES;
				CLANG_WARN_OBJC_LITERAL_CONVERSION = YES;
				CLANG_WARN_OBJC_ROOT_CLASS = YES_ERROR;
				CLANG_WARN_QUOTED_INCLUDE_IN_FRAMEWORK_HEADER = YES;
				CLANG_WARN_RANGE_LOOP_ANALYSIS = YES;
				CLANG_WARN_STRICT_PROTOTYPES = YES;
				CLANG_WARN_SUSPICIOUS_MOVE = YES;
				CLANG_WARN_UNGUARDED_AVAILABILITY = YES_AGGRESSIVE;
				CLANG_WARN_UNREACHABLE_CODE = YES;
				CLANG_WARN__DUPLICATE_METHOD_MATCH = YES;
				COPY_PHASE_STRIP = NO;
				DEBUG_INFORMATION_FORMAT = dwarf;
				ENABLE_STRICT_OBJC_MSGSEND = YES;
				ENABLE_TESTABILITY = YES;
				ENABLE_USER_SCRIPT_SANDBOXING = YES;
				GCC_C_LANGUAGE_STANDARD = gnu17;
				GCC_DYNAMIC_NO_PIC = NO;
				GCC_NO_COMMON_BLOCKS = YES;
				GCC_OPTIMIZATION_LEVEL = 0;
				GCC_PREPROCESSOR_DEFINITIONS = (
					"DEBUG=1",
					"$(inherited)",
				);
				GCC_WARN_64_TO_32_BIT_CONVERSION = YES;
				GCC_WARN_ABOUT_RETURN_TYPE = YES_ERROR;
				GCC_WARN_UNDECLARED_SELECTOR = YES;
				GCC_WARN_UNINITIALIZED_AUTOS = YES_AGGRESSIVE;
				GCC_WARN_UNUSED_FUNCTION = YES;
				GCC_WARN_UNUSED_VARIABLE = YES;
				IPHONEOS_DEPLOYMENT_TARGET = 18.6;
				LOCALIZATION_PREFERS_STRING_CATALOGS = YES;
				MTL_ENABLE_DEBUG_INFO = INCLUDE_SOURCE;
				MTL_FAST_MATH = YES;
				ONLY_ACTIVE_ARCH = YES;
				SDKROOT = iphoneos;
				SWIFT_ACTIVE_COMPILATION_CONDITIONS = "DEBUG $(inherited)";
				SWIFT_OPTIMIZATION_LEVEL = "-Onone";
			};
			name = Debug;
		};
		75E878592E7EE87900788015 /* Release */ = {
			isa = XCBuildConfiguration;
			buildSettings = {
				ALWAYS_SEARCH_USER_PATHS = NO;
				ASSETCATALOG_COMPILER_GENERATE_SWIFT_ASSET_SYMBOL_EXTENSIONS = YES;
				CLANG_ANALYZER_NONNULL = YES;
				CLANG_ANALYZER_NUMBER_OBJECT_CONVERSION = YES_AGGRESSIVE;
				CLANG_CXX_LANGUAGE_STANDARD = "gnu++20";
				CLANG_ENABLE_MODULES = YES;
				CLANG_ENABLE_OBJC_ARC = YES;
				CLANG_ENABLE_OBJC_WEAK = YES;
				CLANG_WARN_BLOCK_CAPTURE_AUTORELEASING = YES;
				CLANG_WARN_BOOL_CONVERSION = YES;
				CLANG_WARN_COMMA = YES;
				CLANG_WARN_CONSTANT_CONVERSION = YES;
				CLANG_WARN_DEPRECATED_OBJC_IMPLEMENTATIONS = YES;
				CLANG_WARN_DIRECT_OBJC_ISA_USAGE = YES_ERROR;
				CLANG_WARN_DOCUMENTATION_COMMENTS = YES;
				CLANG_WARN_EMPTY_BODY = YES;
				CLANG_WARN_ENUM_CONVERSION = YES;
				CLANG_WARN_INFINITE_RECURSION = YES;
				CLANG_WARN_INT_CONVERSION = YES;
				CLANG_WARN_NON_LITERAL_NULL_CONVERSION = YES;
				CLANG_WARN_OBJC_IMPLICIT_RETAIN_SELF = YES;
				CLANG_WARN_OBJC_LITERAL_CONVERSION = YES;
				CLANG_WARN_OBJC_ROOT_CLASS = YES_ERROR;
				CLANG_WARN_QUOTED_INCLUDE_IN_FRAMEWORK_HEADER = YES;
				CLANG_WARN_RANGE_LOOP_ANALYSIS = YES;
				CLANG_WARN_STRICT_PROTOTYPES = YES;
				CLANG_WARN_SUSPICIOUS_MOVE = YES;
				CLANG_WARN_UNGUARDED_AVAILABILITY = YES_AGGRESSIVE;
				CLANG_WARN_UNREACHABLE_CODE = YES;
				CLANG_WARN__DUPLICATE_METHOD_MATCH = YES;
				COPY_PHASE_STRIP = NO;
				DEBUG_INFORMATION_FORMAT = "dwarf-with-dsym";
				ENABLE_NS_ASSERTIONS = NO;
				ENABLE_STRICT_OBJC_MSGSEND = YES;
				ENABLE_USER_SCRIPT_SANDBOXING = YES;
				GCC_C_LANGUAGE_STANDARD = gnu17;
				GCC_NO_COMMON_BLOCKS = YES;
				GCC_WARN_64_TO_32_BIT_CONVERSION = YES;
				GCC_WARN_ABOUT_RETURN_TYPE = YES_ERROR;
				GCC_WARN_UNDECLARED_SELECTOR = YES;
				GCC_WARN_UNINITIALIZED_AUTOS = YES_AGGRESSIVE;
				GCC_WARN_UNUSED_FUNCTION = YES;
				GCC_WARN_UNUSED_VARIABLE = YES;
				IPHONEOS_DEPLOYMENT_TARGET = 18.6;
				LOCALIZATION_PREFERS_STRING_CATALOGS = YES;
				MTL_ENABLE_DEBUG_INFO = NO;
				MTL_FAST_MATH = YES;
				SDKROOT = iphoneos;
				SWIFT_COMPILATION_MODE = wholemodule;
				VALIDATE_PRODUCT = YES;
			};
			name = Release;
		};
		75E8785B2E7EE87900788015 /* Debug */ = {
			isa = XCBuildConfiguration;
			buildSettings = {
				ASSETCATALOG_COMPILER_APPICON_NAME = AppIcon;
				ASSETCATALOG_COMPILER_GLOBAL_ACCENT_COLOR_NAME = AccentColor;
				ASSETCATALOG_COMPILER_INCLUDE_ALL_APPICON_ASSETS = NO;
				CODE_SIGN_ENTITLEMENTS = FitTrack/FitTrack.entitlements;
				CODE_SIGN_STYLE = Automatic;
				CURRENT_PROJECT_VERSION = 1;
				DEVELOPMENT_TEAM = J5RN35943X;
				ENABLE_PREVIEWS = YES;
				GENERATE_INFOPLIST_FILE = YES;
				INFOPLIST_FILE = FitTrack/Info.plist;
				INFOPLIST_KEY_CFBundleDisplayName = FitTrack;
				INFOPLIST_KEY_LSApplicationCategoryType = "public.app-category.healthcare-fitness";
				INFOPLIST_KEY_NSHealthClinicalHealthRecordsShareUsageDescription = "FitTrack reads your sleep, steps, hydration and weight to fill your log.";
				INFOPLIST_KEY_NSHealthShareUsageDescription = "FitTrack reads your sleep, steps, hydration, and weight to fill your daily log.";
				INFOPLIST_KEY_UIApplicationSceneManifest_Generation = YES;
				INFOPLIST_KEY_UIApplicationSupportsIndirectInputEvents = YES;
				INFOPLIST_KEY_UILaunchScreen_Generation = YES;
				INFOPLIST_KEY_UIStatusBarHidden = YES;
				INFOPLIST_KEY_UIStatusBarStyle = "";
				INFOPLIST_KEY_UISupportedInterfaceOrientations = UIInterfaceOrientationPortrait;
				INFOPLIST_KEY_UISupportedInterfaceOrientations_iPad = "UIInterfaceOrientationLandscapeLeft UIInterfaceOrientationLandscapeRight UIInterfaceOrientationPortrait UIInterfaceOrientationPortraitUpsideDown";
				LD_RUNPATH_SEARCH_PATHS = (
					"$(inherited)",
					"@executable_path/Frameworks",
				);
				MARKETING_VERSION = 1.0;
				PRODUCT_BUNDLE_IDENTIFIER = com.andreinita.FitTrack;
				PRODUCT_NAME = "$(TARGET_NAME)";
				STRING_CATALOG_GENERATE_SYMBOLS = YES;
				SWIFT_APPROACHABLE_CONCURRENCY = YES;
				SWIFT_DEFAULT_ACTOR_ISOLATION = MainActor;
				SWIFT_EMIT_LOC_STRINGS = YES;
				SWIFT_UPCOMING_FEATURE_MEMBER_IMPORT_VISIBILITY = YES;
				SWIFT_VERSION = 5.0;
				TARGETED_DEVICE_FAMILY = "1,2";
			};
			name = Debug;
		};
		75E8785C2E7EE87900788015 /* Release */ = {
			isa = XCBuildConfiguration;
			buildSettings = {
				ASSETCATALOG_COMPILER_APPICON_NAME = AppIcon;
				ASSETCATALOG_COMPILER_GLOBAL_ACCENT_COLOR_NAME = AccentColor;
				ASSETCATALOG_COMPILER_INCLUDE_ALL_APPICON_ASSETS = NO;
				CODE_SIGN_ENTITLEMENTS = FitTrack/FitTrack.entitlements;
				CODE_SIGN_STYLE = Automatic;
				CURRENT_PROJECT_VERSION = 1;
				DEVELOPMENT_TEAM = J5RN35943X;
				ENABLE_PREVIEWS = YES;
				GENERATE_INFOPLIST_FILE = YES;
				INFOPLIST_FILE = FitTrack/Info.plist;
				INFOPLIST_KEY_CFBundleDisplayName = FitTrack;
				INFOPLIST_KEY_LSApplicationCategoryType = "public.app-category.healthcare-fitness";
				INFOPLIST_KEY_NSHealthClinicalHealthRecordsShareUsageDescription = "FitTrack reads your sleep, steps, hydration and weight to fill your log.";
				INFOPLIST_KEY_NSHealthShareUsageDescription = "FitTrack reads your sleep, steps, hydration, and weight to fill your daily log.";
				INFOPLIST_KEY_UIApplicationSceneManifest_Generation = YES;
				INFOPLIST_KEY_UIApplicationSupportsIndirectInputEvents = YES;
				INFOPLIST_KEY_UILaunchScreen_Generation = YES;
				INFOPLIST_KEY_UIStatusBarHidden = YES;
				INFOPLIST_KEY_UIStatusBarStyle = "";
				INFOPLIST_KEY_UISupportedInterfaceOrientations = UIInterfaceOrientationPortrait;
				INFOPLIST_KEY_UISupportedInterfaceOrientations_iPad = "UIInterfaceOrientationLandscapeLeft UIInterfaceOrientationLandscapeRight UIInterfaceOrientationPortrait UIInterfaceOrientationPortraitUpsideDown";
				LD_RUNPATH_SEARCH_PATHS = (
					"$(inherited)",
					"@executable_path/Frameworks",
				);
				MARKETING_VERSION = 1.0;
				PRODUCT_BUNDLE_IDENTIFIER = com.andreinita.FitTrack;
				PRODUCT_NAME = "$(TARGET_NAME)";
				STRING_CATALOG_GENERATE_SYMBOLS = YES;
				SWIFT_APPROACHABLE_CONCURRENCY = YES;
				SWIFT_DEFAULT_ACTOR_ISOLATION = MainActor;
				SWIFT_EMIT_LOC_STRINGS = YES;
				SWIFT_UPCOMING_FEATURE_MEMBER_IMPORT_VISIBILITY = YES;
				SWIFT_VERSION = 5.0;
				TARGETED_DEVICE_FAMILY = "1,2";
			};
			name = Release;
		};
/* End XCBuildConfiguration section */

/* Begin XCConfigurationList section */
		75E878452E7EE87800788015 /* Build configuration list for PBXProject "FitTrack" */ = {
			isa = XCConfigurationList;
			buildConfigurations = (
				75E878582E7EE87900788015 /* Debug */,
				75E878592E7EE87900788015 /* Release */,
			);
			defaultConfigurationIsVisible = 0;
			defaultConfigurationName = Release;
		};
		75E8785A2E7EE87900788015 /* Build configuration list for PBXNativeTarget "FitTrack" */ = {
			isa = XCConfigurationList;
			buildConfigurations = (
				75E8785B2E7EE87900788015 /* Debug */,
				75E8785C2E7EE87900788015 /* Release */,
			);
			defaultConfigurationIsVisible = 0;
			defaultConfigurationName = Release;
		};
/* End XCConfigurationList section */
	};
	rootObject = 75E878422E7EE87800788015 /* Project object */;
}
